
Microsoft Visual Studio Solution File, Format Version 12.00
# Visual Studio Version 17
VisualStudioVersion = 17.0.31903.59
MinimumVisualStudioVersion = 10.0.40219.1
Project("{FAE04EC0-301F-11D3-BF4B-00C04F79EFBC}") = "Lemos.Logger", "Lemos.Logger\Lemos.Logger.csproj", "{61403E21-55D8-44F6-A80F-C781341A51B5}"
EndProject
Project("{FAE04EC0-301F-11D3-BF4B-00C04F79EFBC}") = "Lemos.Tests", "Lemos.Tests\Lemos.Tests.csproj", "{1C867B93-AC14-4C38-8BC3-46F813E792A8}"
EndProject
Project("{FAE04EC0-301F-11D3-BF4B-00C04F79EFBC}") = "Lemos.Samples", "Lemos.Samples\Lemos.Samples.csproj", "{E4194624-9968-4CC4-87AC-A90FB78AC92B}"
EndProject
Global
	GlobalSection(SolutionConfigurationPlatforms) = preSolution
		Debug|Any CPU = Debug|Any CPU
		Release|Any CPU = Release|Any CPU
	EndGlobalSection
	GlobalSection(SolutionProperties) = preSolution
		HideSolutionNode = FALSE
	EndGlobalSection
	GlobalSection(ProjectConfigurationPlatforms) = postSolution
		{61403E21-55D8-44F6-A80F-C781341A51B5}.Debug|Any CPU.ActiveCfg = Debug|Any CPU
		{61403E21-55D8-44F6-A80F-C781341A51B5}.Debug|Any CPU.Build.0 = Debug|Any CPU
		{61403E21-55D8-44F6-A80F-C781341A51B5}.Release|Any CPU.ActiveCfg = Release|Any CPU
		{61403E21-55D8-44F6-A80F-C781341A51B5}.Release|Any CPU.Build.0 = Release|Any CPU
		{1C867B93-AC14-4C38-8BC3-46F813E792A8}.Debug|Any CPU.ActiveCfg = Debug|Any CPU
		{1C867B93-AC14-4C38-8BC3-46F813E792A8}.Debug|Any CPU.Build.0 = Debug|Any CPU
		{1C867B93-AC14-4C38-8BC3-46F813E792A8}.Release|Any CPU.ActiveCfg = Release|Any CPU
		{1C867B93-AC14-4C38-8BC3-46F813E792A8}.Release|Any CPU.Build.0 = Release|Any CPU
		{E4194624-9968-4CC4-87AC-A90FB78AC92B}.Debug|Any CPU.ActiveCfg = Debug|Any CPU
		{E4194624-9968-4CC4-87AC-A90FB78AC92B}.Debug|Any CPU.Build.0 = Debug|Any CPU
		{E4194624-9968-4CC4-87AC-A90FB78AC92B}.Release|Any CPU.ActiveCfg = Release|Any CPU
		{E4194624-9968-4CC4-87AC-A90FB78AC92B}.Release|Any CPU.Build.0 = Release|Any CPU
	EndGlobalSection
EndGlobal
